
Microsoft Visual Studio Solution File, Format Version 12.00
# Visual Studio 15
VisualStudioVersion = 15.0.28010.2050
MinimumVisualStudioVersion = 10.0.40219.1
Project("{FAE04EC0-301F-11D3-BF4B-00C04F79EFBC}") = "Basic", "Basic\Basic.csproj", "{7E73A897-DF5D-4374-B973-C7080B716792}"
EndProject
Project("{00D1A9C2-B5F0-4AF3-8072-F6C62B433612}") = "BasicDatabase", "BasicDatabase\BasicDatabase.sqlproj", "{E24040F2-66D0-4415-AA8C-144A8CC2AF3B}"
EndProject
Project("{9A19103F-16F7-4668-BE54-9A1E7A4F7556}") = "BasicModels", "BasicModels\BasicModels.csproj", "{08E653BC-F33C-4783-9D62-D1F768C80B99}"
EndProject
Project("{FAE04EC0-301F-11D3-BF4B-00C04F79EFBC}") = "BasicCore", "BasicCore\BasicCore.csproj", "{D672CED2-4CD7-48A2-813C-D6CFBC4E4A71}"
EndProject
Global
	GlobalSection(SolutionConfigurationPlatforms) = preSolution
		Debug|Any CPU = Debug|Any CPU
		Release|Any CPU = Release|Any CPU
	EndGlobalSection
	GlobalSection(ProjectConfigurationPlatforms) = postSolution
		{7E73A897-DF5D-4374-B973-C7080B716792}.Debug|Any CPU.ActiveCfg = Debug|Any CPU
		{7E73A897-DF5D-4374-B973-C7080B716792}.Debug|Any CPU.Build.0 = Debug|Any CPU
		{7E73A897-DF5D-4374-B973-C7080B716792}.Release|Any CPU.ActiveCfg = Release|Any CPU
		{7E73A897-DF5D-4374-B973-C7080B716792}.Release|Any CPU.Build.0 = Release|Any CPU
		{E24040F2-66D0-4415-AA8C-144A8CC2AF3B}.Debug|Any CPU.ActiveCfg = Debug|Any CPU
		{E24040F2-66D0-4415-AA8C-144A8CC2AF3B}.Debug|Any CPU.Build.0 = Debug|Any CPU
		{E24040F2-66D0-4415-AA8C-144A8CC2AF3B}.Debug|Any CPU.Deploy.0 = Debug|Any CPU
		{E24040F2-66D0-4415-AA8C-144A8CC2AF3B}.Release|Any CPU.ActiveCfg = Release|Any CPU
		{E24040F2-66D0-4415-AA8C-144A8CC2AF3B}.Release|Any CPU.Build.0 = Release|Any CPU
		{E24040F2-66D0-4415-AA8C-144A8CC2AF3B}.Release|Any CPU.Deploy.0 = Release|Any CPU
		{08E653BC-F33C-4783-9D62-D1F768C80B99}.Debug|Any CPU.ActiveCfg = Debug|Any CPU
		{08E653BC-F33C-4783-9D62-D1F768C80B99}.Debug|Any CPU.Build.0 = Debug|Any CPU
		{08E653BC-F33C-4783-9D62-D1F768C80B99}.Release|Any CPU.ActiveCfg = Release|Any CPU
		{08E653BC-F33C-4783-9D62-D1F768C80B99}.Release|Any CPU.Build.0 = Release|Any CPU
		{D672CED2-4CD7-48A2-813C-D6CFBC4E4A71}.Debug|Any CPU.ActiveCfg = Debug|Any CPU
		{D672CED2-4CD7-48A2-813C-D6CFBC4E4A71}.Debug|Any CPU.Build.0 = Debug|Any CPU
		{D672CED2-4CD7-48A2-813C-D6CFBC4E4A71}.Release|Any CPU.ActiveCfg = Release|Any CPU
		{D672CED2-4CD7-48A2-813C-D6CFBC4E4A71}.Release|Any CPU.Build.0 = Release|Any CPU
	EndGlobalSection
	GlobalSection(SolutionProperties) = preSolution
		HideSolutionNode = FALSE
	EndGlobalSection
	GlobalSection(ExtensibilityGlobals) = postSolution
		SolutionGuid = {992EB702-8580-435A-84A1-5C890B1C7C13}
	EndGlobalSection
EndGlobal
